
Microsoft Visual Studio Solution File, Format Version 12.00
# Visual Studio Version 17
VisualStudioVersion = 17.5.33627.172
MinimumVisualStudioVersion = 10.0.40219.1
Project("{9A19103F-16F7-4668-BE54-9A1E7A4F7556}") = "TraversalCoreProje", "TraversalCoreProje\TraversalCoreProje.csproj", "{746126BE-4083-4D9F-A002-9AF816197A0A}"
EndProject
Project("{9A19103F-16F7-4668-BE54-9A1E7A4F7556}") = "EntityLayer", "EntityLayer\EntityLayer.csproj", "{E9A24E4A-2AED-4DF5-B8E2-F9965D243604}"
EndProject
Project("{9A19103F-16F7-4668-BE54-9A1E7A4F7556}") = "DataAccessLayer", "DataAccessLayer\DataAccessLayer.csproj", "{E5C93CC7-A6C3-4BDF-ADD8-13CDE20F2020}"
EndProject
Project("{9A19103F-16F7-4668-BE54-9A1E7A4F7556}") = "BusinessLayer", "BusinessLayer\BusinessLayer.csproj", "{371DB7C8-6006-41C0-8819-AAAF09DFFF61}"
EndProject
Project("{9A19103F-16F7-4668-BE54-9A1E7A4F7556}") = "DTOLayer", "DTOLayer\DTOLayer.csproj", "{BCC4A884-9E60-4F85-BCD5-B32B28DD3F19}"
EndProject
Project("{9A19103F-16F7-4668-BE54-9A1E7A4F7556}") = "SignalRApi", "SignalRApi\SignalRApi.csproj", "{1F0BBFF7-029A-455C-841C-20640C54A826}"
EndProject
Project("{9A19103F-16F7-4668-BE54-9A1E7A4F7556}") = "SignalRConsume", "SignalRConsume\SignalRConsume.csproj", "{BFDE0DBC-E2DA-44A7-94E4-F3DC4C5C640D}"
EndProject
Project("{FAE04EC0-301F-11D3-BF4B-00C04F79EFBC}") = "SignalRApiForSql", "SignalRApiForSql\SignalRApiForSql.csproj", "{1FD4C3F5-047C-44EA-8F0D-F0211882735D}"
EndProject
Global
	GlobalSection(SolutionConfigurationPlatforms) = preSolution
		Debug|Any CPU = Debug|Any CPU
		Release|Any CPU = Release|Any CPU
	EndGlobalSection
	GlobalSection(ProjectConfigurationPlatforms) = postSolution
		{746126BE-4083-4D9F-A002-9AF816197A0A}.Debug|Any CPU.ActiveCfg = Debug|Any CPU
		{746126BE-4083-4D9F-A002-9AF816197A0A}.Debug|Any CPU.Build.0 = Debug|Any CPU
		{746126BE-4083-4D9F-A002-9AF816197A0A}.Release|Any CPU.ActiveCfg = Release|Any CPU
		{746126BE-4083-4D9F-A002-9AF816197A0A}.Release|Any CPU.Build.0 = Release|Any CPU
		{E9A24E4A-2AED-4DF5-B8E2-F9965D243604}.Debug|Any CPU.ActiveCfg = Debug|Any CPU
		{E9A24E4A-2AED-4DF5-B8E2-F9965D243604}.Debug|Any CPU.Build.0 = Debug|Any CPU
		{E9A24E4A-2AED-4DF5-B8E2-F9965D243604}.Release|Any CPU.ActiveCfg = Release|Any CPU
		{E9A24E4A-2AED-4DF5-B8E2-F9965D243604}.Release|Any CPU.Build.0 = Release|Any CPU
		{E5C93CC7-A6C3-4BDF-ADD8-13CDE20F2020}.Debug|Any CPU.ActiveCfg = Debug|Any CPU
		{E5C93CC7-A6C3-4BDF-ADD8-13CDE20F2020}.Debug|Any CPU.Build.0 = Debug|Any CPU
		{E5C93CC7-A6C3-4BDF-ADD8-13CDE20F2020}.Release|Any CPU.ActiveCfg = Release|Any CPU
		{E5C93CC7-A6C3-4BDF-ADD8-13CDE20F2020}.Release|Any CPU.Build.0 = Release|Any CPU
		{371DB7C8-6006-41C0-8819-AAAF09DFFF61}.Debug|Any CPU.ActiveCfg = Debug|Any CPU
		{371DB7C8-6006-41C0-8819-AAAF09DFFF61}.Debug|Any CPU.Build.0 = Debug|Any CPU
		{371DB7C8-6006-41C0-8819-AAAF09DFFF61}.Release|Any CPU.ActiveCfg = Release|Any CPU
		{371DB7C8-6006-41C0-8819-AAAF09DFFF61}.Release|Any CPU.Build.0 = Release|Any CPU
		{BCC4A884-9E60-4F85-BCD5-B32B28DD3F19}.Debug|Any CPU.ActiveCfg = Debug|Any CPU
		{BCC4A884-9E60-4F85-BCD5-B32B28DD3F19}.Debug|Any CPU.Build.0 = Debug|Any CPU
		{BCC4A884-9E60-4F85-BCD5-B32B28DD3F19}.Release|Any CPU.ActiveCfg = Release|Any CPU
		{BCC4A884-9E60-4F85-BCD5-B32B28DD3F19}.Release|Any CPU.Build.0 = Release|Any CPU
		{1F0BBFF7-029A-455C-841C-20640C54A826}.Debug|Any CPU.ActiveCfg = Debug|Any CPU
		{1F0BBFF7-029A-455C-841C-20640C54A826}.Debug|Any CPU.Build.0 = Debug|Any CPU
		{1F0BBFF7-029A-455C-841C-20640C54A826}.Release|Any CPU.ActiveCfg = Release|Any CPU
		{1F0BBFF7-029A-455C-841C-20640C54A826}.Release|Any CPU.Build.0 = Release|Any CPU
		{BFDE0DBC-E2DA-44A7-94E4-F3DC4C5C640D}.Debug|Any CPU.ActiveCfg = Debug|Any CPU
		{BFDE0DBC-E2DA-44A7-94E4-F3DC4C5C640D}.Debug|Any CPU.Build.0 = Debug|Any CPU
		{BFDE0DBC-E2DA-44A7-94E4-F3DC4C5C640D}.Release|Any CPU.ActiveCfg = Release|Any CPU
		{BFDE0DBC-E2DA-44A7-94E4-F3DC4C5C640D}.Release|Any CPU.Build.0 = Release|Any CPU
		{1FD4C3F5-047C-44EA-8F0D-F0211882735D}.Debug|Any CPU.ActiveCfg = Debug|Any CPU
		{1FD4C3F5-047C-44EA-8F0D-F0211882735D}.Debug|Any CPU.Build.0 = Debug|Any CPU
		{1FD4C3F5-047C-44EA-8F0D-F0211882735D}.Release|Any CPU.ActiveCfg = Release|Any CPU
		{1FD4C3F5-047C-44EA-8F0D-F0211882735D}.Release|Any CPU.Build.0 = Release|Any CPU
	EndGlobalSection
	GlobalSection(SolutionProperties) = preSolution
		HideSolutionNode = FALSE
	EndGlobalSection
	GlobalSection(ExtensibilityGlobals) = postSolution
		SolutionGuid = {F1ED1F43-541C-4A40-A233-E46507738846}
	EndGlobalSection
EndGlobal
